// !$*UTF8*$!
{
	archiveVersion = 1;
	classes = {
	};
	objectVersion = 55;
	objects = {

/* Begin PBXBuildFile section */
		AB54AD65275395F4001E9F93 /* AppDelegate.swift in Sources */ = {isa = PBXBuildFile; fileRef = AB54AD64275395F4001E9F93 /* AppDelegate.swift */; };
		AB54AD67275395F4001E9F93 /* SceneDelegate.swift in Sources */ = {isa = PBXBuildFile; fileRef = AB54AD66275395F4001E9F93 /* SceneDelegate.swift */; };
		AB54AD69275395F4001E9F93 /* ViewController.swift in Sources */ = {isa = PBXBuildFile; fileRef = AB54AD68275395F4001E9F93 /* ViewController.swift */; };
		AB54AD6E275395F4001E9F93 /* Assets.xcassets in Resources */ = {isa = PBXBuildFile; fileRef = AB54AD6D275395F4001E9F93 /* Assets.xcassets */; };
		AB54AD71275395F4001E9F93 /* LaunchScreen.storyboard in Resources */ = {isa = PBXBuildFile; fileRef = AB54AD6F275395F4001E9F93 /* LaunchScreen.storyboard */; };
		ABBAF61C2754ED4600DF17C3 /* ViewController.xib in Resources */ = {isa = PBXBuildFile; fileRef = ABBAF61B2754ED4600DF17C3 /* ViewController.xib */; };
		ABC9A0D92756451D002B3C3C /* ListViewModel.swift in Sources */ = {isa = PBXBuildFile; fileRef = ABC9A0D82756451D002B3C3C /* ListViewModel.swift */; };
		ABFE06F8275C9871001DC24D /* TasExample.framework in Frameworks */ = {isa = PBXBuildFile; fileRef = ABFE06F7275C9871001DC24D /* TasExample.framework */; };
		ABFE06F9275C9871001DC24D /* TasExample.framework in Embed Frameworks */ = {isa = PBXBuildFile; fileRef = ABFE06F7275C9871001DC24D /* TasExample.framework */; settings = {ATTRIBUTES = (CodeSignOnCopy, RemoveHeadersOnCopy, ); }; };
		ABFE0702275CA3EB001DC24D /* TasBase.framework in Frameworks */ = {isa = PBXBuildFile; fileRef = ABBAF6542754EFC000DF17C3 /* TasBase.framework */; };
		ABFE0703275CA3EB001DC24D /* TasBase.framework in Embed Frameworks */ = {isa = PBXBuildFile; fileRef = ABBAF6542754EFC000DF17C3 /* TasBase.framework */; settings = {ATTRIBUTES = (CodeSignOnCopy, RemoveHeadersOnCopy, ); }; };
		ABFE0704275CA3EC001DC24D /* TasUtility.framework in Frameworks */ = {isa = PBXBuildFile; fileRef = ABBAF6172754EA8C00DF17C3 /* TasUtility.framework */; };
		ABFE0705275CA3EC001DC24D /* TasUtility.framework in Embed Frameworks */ = {isa = PBXBuildFile; fileRef = ABBAF6172754EA8C00DF17C3 /* TasUtility.framework */; settings = {ATTRIBUTES = (CodeSignOnCopy, RemoveHeadersOnCopy, ); }; };
/* End PBXBuildFile section */

/* Begin PBXCopyFilesBuildPhase section */
		ABFE06FA275C9872001DC24D /* Embed Frameworks */ = {
			isa = PBXCopyFilesBuildPhase;
			buildActionMask = 2147483647;
			dstPath = "";
			dstSubfolderSpec = 10;
			files = (
				ABFE0703275CA3EB001DC24D /* TasBase.framework in Embed Frameworks */,
				ABFE06F9275C9871001DC24D /* TasExample.framework in Embed Frameworks */,
				ABFE0705275CA3EC001DC24D /* TasUtility.framework in Embed Frameworks */,
			);
			name = "Embed Frameworks";
			runOnlyForDeploymentPostprocessing = 0;
		};
/* End PBXCopyFilesBuildPhase section */

/* Begin PBXFileReference section */
		AB54AD61275395F4001E9F93 /* Practice.app */ = {isa = PBXFileReference; explicitFileType = wrapper.application; includeInIndex = 0; path = Practice.app; sourceTree = BUILT_PRODUCTS_DIR; };
		AB54AD64275395F4001E9F93 /* AppDelegate.swift */ = {isa = PBXFileReference; lastKnownFileType = sourcecode.swift; path = AppDelegate.swift; sourceTree = "<group>"; };
		AB54AD66275395F4001E9F93 /* SceneDelegate.swift */ = {isa = PBXFileReference; lastKnownFileType = sourcecode.swift; path = SceneDelegate.swift; sourceTree = "<group>"; };
		AB54AD68275395F4001E9F93 /* ViewController.swift */ = {isa = PBXFileReference; lastKnownFileType = sourcecode.swift; path = ViewController.swift; sourceTree = "<group>"; };
		AB54AD6D275395F4001E9F93 /* Assets.xcassets */ = {isa = PBXFileReference; lastKnownFileType = folder.assetcatalog; path = Assets.xcassets; sourceTree = "<group>"; };
		AB54AD70275395F4001E9F93 /* Base */ = {isa = PBXFileReference; lastKnownFileType = file.storyboard; name = Base; path = Base.lproj/LaunchScreen.storyboard; sourceTree = "<group>"; };
		AB54AD72275395F4001E9F93 /* Info.plist */ = {isa = PBXFileReference; lastKnownFileType = text.plist.xml; path = Info.plist; sourceTree = "<group>"; };
		ABBAF6172754EA8C00DF17C3 /* TasUtility.framework */ = {isa = PBXFileReference; explicitFileType = wrapper.framework; path = TasUtility.framework; sourceTree = BUILT_PRODUCTS_DIR; };
		ABBAF61B2754ED4600DF17C3 /* ViewController.xib */ = {isa = PBXFileReference; lastKnownFileType = file.xib; path = ViewController.xib; sourceTree = "<group>"; };
		ABBAF6542754EFC000DF17C3 /* TasBase.framework */ = {isa = PBXFileReference; explicitFileType = wrapper.framework; path = TasBase.framework; sourceTree = BUILT_PRODUCTS_DIR; };
		ABC9A0D82756451D002B3C3C /* ListViewModel.swift */ = {isa = PBXFileReference; lastKnownFileType = sourcecode.swift; path = ListViewModel.swift; sourceTree = "<group>"; };
		ABFE06F7275C9871001DC24D /* TasExample.framework */ = {isa = PBXFileReference; explicitFileType = wrapper.framework; path = TasExample.framework; sourceTree = BUILT_PRODUCTS_DIR; };
/* End PBXFileReference section */

/* Begin PBXFrameworksBuildPhase section */
		AB54AD5E275395F4001E9F93 /* Frameworks */ = {
			isa = PBXFrameworksBuildPhase;
			buildActionMask = 2147483647;
			files = (
				ABFE06F8275C9871001DC24D /* TasExample.framework in Frameworks */,
				ABFE0702275CA3EB001DC24D /* TasBase.framework in Frameworks */,
				ABFE0704275CA3EC001DC24D /* TasUtility.framework in Frameworks */,
			);
			runOnlyForDeploymentPostprocessing = 0;
		};
/* End PBXFrameworksBuildPhase section */

/* Begin PBXGroup section */
		AB33190D2763409200B297F3 /* Domain */ = {
			isa = PBXGroup;
			children = (
				AB33190E2763409E00B297F3 /* Gateway */,
			);
			path = Domain;
			sourceTree = "<group>";
		};
		AB33190E2763409E00B297F3 /* Gateway */ = {
			isa = PBXGroup;
			children = (
				AB33190F276340B200B297F3 /* ViewModel */,
				AB54AD68275395F4001E9F93 /* ViewController.swift */,
				ABBAF61B2754ED4600DF17C3 /* ViewController.xib */,
			);
			path = Gateway;
			sourceTree = "<group>";
		};
		AB33190F276340B200B297F3 /* ViewModel */ = {
			isa = PBXGroup;
			children = (
				ABC9A0D82756451D002B3C3C /* ListViewModel.swift */,
			);
			path = ViewModel;
			sourceTree = "<group>";
		};
		AB54AD58275395F4001E9F93 = {
			isa = PBXGroup;
			children = (
				AB54AD63275395F4001E9F93 /* Practice */,
				AB54AD62275395F4001E9F93 /* Products */,
				ABBAF6162754EA8C00DF17C3 /* Frameworks */,
			);
			sourceTree = "<group>";
		};
		AB54AD62275395F4001E9F93 /* Products */ = {
			isa = PBXGroup;
			children = (
				AB54AD61275395F4001E9F93 /* Practice.app */,
			);
			name = Products;
			sourceTree = "<group>";
		};
		AB54AD63275395F4001E9F93 /* Practice */ = {
			isa = PBXGroup;
			children = (
				AB54AD64275395F4001E9F93 /* AppDelegate.swift */,
				AB54AD66275395F4001E9F93 /* SceneDelegate.swift */,
				AB33190D2763409200B297F3 /* Domain */,
				AB54AD6D275395F4001E9F93 /* Assets.xcassets */,
				AB54AD6F275395F4001E9F93 /* LaunchScreen.storyboard */,
				AB54AD72275395F4001E9F93 /* Info.plist */,
			);
			path = Practice;
			sourceTree = "<group>";
		};
		ABBAF6162754EA8C00DF17C3 /* Frameworks */ = {
			isa = PBXGroup;
			children = (
				ABFE06F7275C9871001DC24D /* TasExample.framework */,
				ABBAF6542754EFC000DF17C3 /* TasBase.framework */,
				ABBAF6172754EA8C00DF17C3 /* TasUtility.framework */,
			);
			name = Frameworks;
			sourceTree = "<group>";
		};
/* End PBXGroup section */

/* Begin PBXNativeTarget section */
		AB54AD60275395F4001E9F93 /* Practice */ = {
			isa = PBXNativeTarget;
			buildConfigurationList = AB54AD75275395F4001E9F93 /* Build configuration list for PBXNativeTarget "Practice" */;
			buildPhases = (
				AB54AD5D275395F4001E9F93 /* Sources */,
				AB54AD5E275395F4001E9F93 /* Frameworks */,
				AB54AD5F275395F4001E9F93 /* Resources */,
				ABFE06FA275C9872001DC24D /* Embed Frameworks */,
			);
			buildRules = (
			);
			dependencies = (
			);
			name = Practice;
			productName = Practice;
			productReference = AB54AD61275395F4001E9F93 /* Practice.app */;
			productType = "com.apple.product-type.application";
		};
/* End PBXNativeTarget section */

/* Begin PBXProject section */
		AB54AD59275395F4001E9F93 /* Project object */ = {
			isa = PBXProject;
			attributes = {
				BuildIndependentTargetsInParallel = 1;
				LastSwiftUpdateCheck = 1310;
				LastUpgradeCheck = 1310;
				TargetAttributes = {
					AB54AD60275395F4001E9F93 = {
						CreatedOnToolsVersion = 13.1;
					};
				};
			};
			buildConfigurationList = AB54AD5C275395F4001E9F93 /* Build configuration list for PBXProject "Practice" */;
			compatibilityVersion = "Xcode 13.0";
			developmentRegion = en;
			hasScannedForEncodings = 0;
			knownRegions = (
				en,
				Base,
			);
			mainGroup = AB54AD58275395F4001E9F93;
			productRefGroup = AB54AD62275395F4001E9F93 /* Products */;
			projectDirPath = "";
			projectRoot = "";
			targets = (
				AB54AD60275395F4001E9F93 /* Practice */,
			);
		};
/* End PBXProject section */

/* Begin PBXResourcesBuildPhase section */
		AB54AD5F275395F4001E9F93 /* Resources */ = {
			isa = PBXResourcesBuildPhase;
			buildActionMask = 2147483647;
			files = (
				ABBAF61C2754ED4600DF17C3 /* ViewController.xib in Resources */,
				AB54AD71275395F4001E9F93 /* LaunchScreen.storyboard in Resources */,
				AB54AD6E275395F4001E9F93 /* Assets.xcassets in Resources */,
			);
			runOnlyForDeploymentPostprocessing = 0;
		};
/* End PBXResourcesBuildPhase section */

/* Begin PBXSourcesBuildPhase section */
		AB54AD5D275395F4001E9F93 /* Sources */ = {
			isa = PBXSourcesBuildPhase;
			buildActionMask = 2147483647;
			files = (
				AB54AD69275395F4001E9F93 /* ViewController.swift in Sources */,
				AB54AD65275395F4001E9F93 /* AppDelegate.swift in Sources */,
				ABC9A0D92756451D002B3C3C /* ListViewModel.swift in Sources */,
				AB54AD67275395F4001E9F93 /* SceneDelegate.swift in Sources */,
			);
			runOnlyForDeploymentPostprocessing = 0;
		};
/* End PBXSourcesBuildPhase section */

/* Begin PBXVariantGroup section */
		AB54AD6F275395F4001E9F93 /* LaunchScreen.storyboard */ = {
			isa = PBXVariantGroup;
			children = (
				AB54AD70275395F4001E9F93 /* Base */,
			);
			name = LaunchScreen.storyboard;
			sourceTree = "<group>";
		};
/* End PBXVariantGroup section */

/* Begin XCBuildConfiguration section */
		AB54AD73275395F4001E9F93 /* Debug */ = {
			isa = XCBuildConfiguration;
			buildSettings = {
				ALWAYS_SEARCH_USER_PATHS = NO;
				CLANG_ANALYZER_NONNULL = YES;
				CLANG_ANALYZER_NUMBER_OBJECT_CONVERSION = YES_AGGRESSIVE;
				CLANG_CXX_LANGUAGE_STANDARD = "gnu++17";
				CLANG_CXX_LIBRARY = "libc++";
				CLANG_ENABLE_MODULES = YES;
				CLANG_ENABLE_OBJC_ARC = YES;
				CLANG_ENABLE_OBJC_WEAK = YES;
				CLANG_WARN_BLOCK_CAPTURE_AUTORELEASING = YES;
				CLANG_WARN_BOOL_CONVERSION = YES;
				CLANG_WARN_COMMA = YES;
				CLANG_WARN_CONSTANT_CONVERSION = YES;
				CLANG_WARN_DEPRECATED_OBJC_IMPLEMENTATIONS = YES;
				CLANG_WARN_DIRECT_OBJC_ISA_USAGE = YES_ERROR;
				CLANG_WARN_DOCUMENTATION_COMMENTS = YES;
				CLANG_WARN_EMPTY_BODY = YES;
				CLANG_WARN_ENUM_CONVERSION = YES;
				CLANG_WARN_INFINITE_RECURSION = YES;
				CLANG_WARN_INT_CONVERSION = YES;
				CLANG_WARN_NON_LITERAL_NULL_CONVERSION = YES;
				CLANG_WARN_OBJC_IMPLICIT_RETAIN_SELF = YES;
				CLANG_WARN_OBJC_LITERAL_CONVERSION = YES;
				CLANG_WARN_OBJC_ROOT_CLASS = YES_ERROR;
				CLANG_WARN_QUOTED_INCLUDE_IN_FRAMEWORK_HEADER = YES;
				CLANG_WARN_RANGE_LOOP_ANALYSIS = YES;
				CLANG_WARN_STRICT_PROTOTYPES = YES;
				CLANG_WARN_SUSPICIOUS_MOVE = YES;
				CLANG_WARN_UNGUARDED_AVAILABILITY = YES_AGGRESSIVE;
				CLANG_WARN_UNREACHABLE_CODE = YES;
				CLANG_WARN__DUPLICATE_METHOD_MATCH = YES;
				COPY_PHASE_STRIP = NO;
				DEBUG_INFORMATION_FORMAT = dwarf;
				ENABLE_STRICT_OBJC_MSGSEND = YES;
				ENABLE_TESTABILITY = YES;
				GCC_C_LANGUAGE_STANDARD = gnu11;
				GCC_DYNAMIC_NO_PIC = NO;
				GCC_NO_COMMON_BLOCKS = YES;
				GCC_OPTIMIZATION_LEVEL = 0;
				GCC_PREPROCESSOR_DEFINITIONS = (
					"DEBUG=1",
					"$(inherited)",
				);
				GCC_WARN_64_TO_32_BIT_CONVERSION = YES;
				GCC_WARN_ABOUT_RETURN_TYPE = YES_ERROR;
				GCC_WARN_UNDECLARED_SELECTOR = YES;
				GCC_WARN_UNINITIALIZED_AUTOS = YES_AGGRESSIVE;
				GCC_WARN_UNUSED_FUNCTION = YES;
				GCC_WARN_UNUSED_VARIABLE = YES;
				IPHONEOS_DEPLOYMENT_TARGET = 15.0;
				MTL_ENABLE_DEBUG_INFO = INCLUDE_SOURCE;
				MTL_FAST_MATH = YES;
				ONLY_ACTIVE_ARCH = YES;
				SDKROOT = iphoneos;
				SWIFT_ACTIVE_COMPILATION_CONDITIONS = DEBUG;
				SWIFT_OPTIMIZATION_LEVEL = "-Onone";
			};
			name = Debug;
		};
		AB54AD74275395F4001E9F93 /* Release */ = {
			isa = XCBuildConfiguration;
			buildSettings = {
				ALWAYS_SEARCH_USER_PATHS = NO;
				CLANG_ANALYZER_NONNULL = YES;
				CLANG_ANALYZER_NUMBER_OBJECT_CONVERSION = YES_AGGRESSIVE;
				CLANG_CXX_LANGUAGE_STANDARD = "gnu++17";
				CLANG_CXX_LIBRARY = "libc++";
				CLANG_ENABLE_MODULES = YES;
				CLANG_ENABLE_OBJC_ARC = YES;
				CLANG_ENABLE_OBJC_WEAK = YES;
				CLANG_WARN_BLOCK_CAPTURE_AUTORELEASING = YES;
				CLANG_WARN_BOOL_CONVERSION = YES;
				CLANG_WARN_COMMA = YES;
				CLANG_WARN_CONSTANT_CONVERSION = YES;
				CLANG_WARN_DEPRECATED_OBJC_IMPLEMENTATIONS = YES;
				CLANG_WARN_DIRECT_OBJC_ISA_USAGE = YES_ERROR;
				CLANG_WARN_DOCUMENTATION_COMMENTS = YES;
				CLANG_WARN_EMPTY_BODY = YES;
				CLANG_WARN_ENUM_CONVERSION = YES;
				CLANG_WARN_INFINITE_RECURSION = YES;
				CLANG_WARN_INT_CONVERSION = YES;
				CLANG_WARN_NON_LITERAL_NULL_CONVERSION = YES;
				CLANG_WARN_OBJC_IMPLICIT_RETAIN_SELF = YES;
				CLANG_WARN_OBJC_LITERAL_CONVERSION = YES;
				CLANG_WARN_OBJC_ROOT_CLASS = YES_ERROR;
				CLANG_WARN_QUOTED_INCLUDE_IN_FRAMEWORK_HEADER = YES;
				CLANG_WARN_RANGE_LOOP_ANALYSIS = YES;
				CLANG_WARN_STRICT_PROTOTYPES = YES;
				CLANG_WARN_SUSPICIOUS_MOVE = YES;
				CLANG_WARN_UNGUARDED_AVAILABILITY = YES_AGGRESSIVE;
				CLANG_WARN_UNREACHABLE_CODE = YES;
				CLANG_WARN__DUPLICATE_METHOD_MATCH = YES;
				COPY_PHASE_STRIP = NO;
				DEBUG_INFORMATION_FORMAT = "dwarf-with-dsym";
				ENABLE_NS_ASSERTIONS = NO;
				ENABLE_STRICT_OBJC_MSGSEND = YES;
				GCC_C_LANGUAGE_STANDARD = gnu11;
				GCC_NO_COMMON_BLOCKS = YES;
				GCC_WARN_64_TO_32_BIT_CONVERSION = YES;
				GCC_WARN_ABOUT_RETURN_TYPE = YES_ERROR;
				GCC_WARN_UNDECLARED_SELECTOR = YES;
				GCC_WARN_UNINITIALIZED_AUTOS = YES_AGGRESSIVE;
				GCC_WARN_UNUSED_FUNCTION = YES;
				GCC_WARN_UNUSED_VARIABLE = YES;
				IPHONEOS_DEPLOYMENT_TARGET = 15.0;
				MTL_ENABLE_DEBUG_INFO = NO;
				MTL_FAST_MATH = YES;
				SDKROOT = iphoneos;
				SWIFT_COMPILATION_MODE = wholemodule;
				SWIFT_OPTIMIZATION_LEVEL = "-O";
				VALIDATE_PRODUCT = YES;
			};
			name = Release;
		};
		AB54AD76275395F4001E9F93 /* Debug */ = {
			isa = XCBuildConfiguration;
			buildSettings = {
				ASSETCATALOG_COMPILER_APPICON_NAME = AppIcon;
				ASSETCATALOG_COMPILER_GLOBAL_ACCENT_COLOR_NAME = AccentColor;
				CODE_SIGN_STYLE = Automatic;
				CURRENT_PROJECT_VERSION = 1;
				DEVELOPMENT_TEAM = 4DUZKVXU2R;
				GENERATE_INFOPLIST_FILE = YES;
				INFOPLIST_FILE = Practice/Info.plist;
				INFOPLIST_KEY_UIApplicationSupportsIndirectInputEvents = YES;
				INFOPLIST_KEY_UILaunchStoryboardName = LaunchScreen;
				INFOPLIST_KEY_UIMainStoryboardFile = LaunchScreen;
				INFOPLIST_KEY_UISupportedInterfaceOrientations_iPad = "UIInterfaceOrientationPortrait UIInterfaceOrientationPortraitUpsideDown UIInterfaceOrientationLandscapeLeft UIInterfaceOrientationLandscapeRight";
				INFOPLIST_KEY_UISupportedInterfaceOrientations_iPhone = "UIInterfaceOrientationPortrait UIInterfaceOrientationLandscapeLeft UIInterfaceOrientationLandscapeRight";
				IPHONEOS_DEPLOYMENT_TARGET = 13.0;
				LD_RUNPATH_SEARCH_PATHS = (
					"$(inherited)",
					"@executable_path/Frameworks",
				);
				MARKETING_VERSION = 1.0;
				PRODUCT_BUNDLE_IDENTIFIER = Tas.Practice;
				PRODUCT_NAME = "$(TARGET_NAME)";
				SWIFT_EMIT_LOC_STRINGS = YES;
				SWIFT_VERSION = 5.0;
				TARGETED_DEVICE_FAMILY = "1,2";
			};
			name = Debug;
		};
		AB54AD77275395F4001E9F93 /* Release */ = {
			isa = XCBuildConfiguration;
			buildSettings = {
				ASSETCATALOG_COMPILER_APPICON_NAME = AppIcon;
				ASSETCATALOG_COMPILER_GLOBAL_ACCENT_COLOR_NAME = AccentColor;
				CODE_SIGN_STYLE = Automatic;
				CURRENT_PROJECT_VERSION = 1;
				DEVELOPMENT_TEAM = 4DUZKVXU2R;
				GENERATE_INFOPLIST_FILE = YES;
				INFOPLIST_FILE = Practice/Info.plist;
				INFOPLIST_KEY_UIApplicationSupportsIndirectInputEvents = YES;
				INFOPLIST_KEY_UILaunchStoryboardName = LaunchScreen;
				INFOPLIST_KEY_UIMainStoryboardFile = LaunchScreen;
				INFOPLIST_KEY_UISupportedInterfaceOrientations_iPad = "UIInterfaceOrientationPortrait UIInterfaceOrientationPortraitUpsideDown UIInterfaceOrientationLandscapeLeft UIInterfaceOrientationLandscapeRight";
				INFOPLIST_KEY_UISupportedInterfaceOrientations_iPhone = "UIInterfaceOrientationPortrait UIInterfaceOrientationLandscapeLeft UIInterfaceOrientationLandscapeRight";
				IPHONEOS_DEPLOYMENT_TARGET = 13.0;
				LD_RUNPATH_SEARCH_PATHS = (
					"$(inherited)",
					"@executable_path/Frameworks",
				);
				MARKETING_VERSION = 1.0;
				PRODUCT_BUNDLE_IDENTIFIER = Tas.Practice;
				PRODUCT_NAME = "$(TARGET_NAME)";
				SWIFT_EMIT_LOC_STRINGS = YES;
				SWIFT_VERSION = 5.0;
				TARGETED_DEVICE_FAMILY = "1,2";
			};
			name = Release;
		};
/* End XCBuildConfiguration section */

/* Begin XCConfigurationList section */
		AB54AD5C275395F4001E9F93 /* Build configuration list for PBXProject "Practice" */ = {
			isa = XCConfigurationList;
			buildConfigurations = (
				AB54AD73275395F4001E9F93 /* Debug */,
				AB54AD74275395F4001E9F93 /* Release */,
			);
			defaultConfigurationIsVisible = 0;
			defaultConfigurationName = Release;
		};
		AB54AD75275395F4001E9F93 /* Build configuration list for PBXNativeTarget "Practice" */ = {
			isa = XCConfigurationList;
			buildConfigurations = (
				AB54AD76275395F4001E9F93 /* Debug */,
				AB54AD77275395F4001E9F93 /* Release */,
			);
			defaultConfigurationIsVisible = 0;
			defaultConfigurationName = Release;
		};
/* End XCConfigurationList section */
	};
	rootObject = AB54AD59275395F4001E9F93 /* Project object */;
}
